
Microsoft Visual Studio Solution File, Format Version 12.00
# Visual Studio 15
Project("{FAE04EC0-301F-11D3-BF4B-00C04F79EFBC}") = "Assembly-CSharp", "Assembly-CSharp.csproj", "{824E303C-0247-A446-1263-DC6F0D6F7439}"
EndProject
Global
	GlobalSection(SolutionConfigurationPlatforms) = preSolution
		Debug|Any CPU = Debug|Any CPU
		Release|Any CPU = Release|Any CPU
	EndGlobalSection
	GlobalSection(ProjectConfigurationPlatforms) = postSolution
		{824E303C-0247-A446-1263-DC6F0D6F7439}.Debug|Any CPU.ActiveCfg = Debug|Any CPU
		{824E303C-0247-A446-1263-DC6F0D6F7439}.Debug|Any CPU.Build.0 = Debug|Any CPU
		{824E303C-0247-A446-1263-DC6F0D6F7439}.Release|Any CPU.ActiveCfg = Release|Any CPU
		{824E303C-0247-A446-1263-DC6F0D6F7439}.Release|Any CPU.Build.0 = Release|Any CPU
	EndGlobalSection
	GlobalSection(SolutionProperties) = preSolution
		HideSolutionNode = FALSE
	EndGlobalSection
EndGlobal
